
Microsoft Visual Studio Solution File, Format Version 12.00
# Visual Studio Version 17
VisualStudioVersion = 17.0.32014.148
MinimumVisualStudioVersion = 10.0.40219.1
Project("{FAE04EC0-301F-11D3-BF4B-00C04F79EFBC}") = "FileManager", "FileManager\FileManager.csproj", "{F00922F5-6EF5-445B-B6EE-034D04A71327}"
EndProject
Global
	GlobalSection(SolutionConfigurationPlatforms) = preSolution
		Debug|Any CPU = Debug|Any CPU
		Release|Any CPU = Release|Any CPU
	EndGlobalSection
	GlobalSection(ProjectConfigurationPlatforms) = postSolution
		{F00922F5-6EF5-445B-B6EE-034D04A71327}.Debug|Any CPU.ActiveCfg = Debug|Any CPU
		{F00922F5-6EF5-445B-B6EE-034D04A71327}.Debug|Any CPU.Build.0 = Debug|Any CPU
		{F00922F5-6EF5-445B-B6EE-034D04A71327}.Release|Any CPU.ActiveCfg = Release|Any CPU
		{F00922F5-6EF5-445B-B6EE-034D04A71327}.Release|Any CPU.Build.0 = Release|Any CPU
	EndGlobalSection
	GlobalSection(SolutionProperties) = preSolution
		HideSolutionNode = FALSE
	EndGlobalSection
	GlobalSection(ExtensibilityGlobals) = postSolution
		SolutionGuid = {FBF64906-6A15-4C45-8BE6-254D1344A201}
	EndGlobalSection
EndGlobal
